
Microsoft Visual Studio Solution File, Format Version 12.00
# Visual Studio Version 17
VisualStudioVersion = 17.6.33723.286
MinimumVisualStudioVersion = 10.0.40219.1
Project("{FAE04EC0-301F-11D3-BF4B-00C04F79EFBC}") = "que_5a", "que_5a\que_5a.csproj", "{B7A40EDB-616B-40E2-9FCA-A41EB4FE8651}"
EndProject
Global
	GlobalSection(SolutionConfigurationPlatforms) = preSolution
		Debug|Any CPU = Debug|Any CPU
		Release|Any CPU = Release|Any CPU
	EndGlobalSection
	GlobalSection(ProjectConfigurationPlatforms) = postSolution
		{B7A40EDB-616B-40E2-9FCA-A41EB4FE8651}.Debug|Any CPU.ActiveCfg = Debug|Any CPU
		{B7A40EDB-616B-40E2-9FCA-A41EB4FE8651}.Debug|Any CPU.Build.0 = Debug|Any CPU
		{B7A40EDB-616B-40E2-9FCA-A41EB4FE8651}.Release|Any CPU.ActiveCfg = Release|Any CPU
		{B7A40EDB-616B-40E2-9FCA-A41EB4FE8651}.Release|Any CPU.Build.0 = Release|Any CPU
	EndGlobalSection
	GlobalSection(SolutionProperties) = preSolution
		HideSolutionNode = FALSE
	EndGlobalSection
	GlobalSection(ExtensibilityGlobals) = postSolution
		SolutionGuid = {C9CFD56D-2A76-42BF-B411-915786B5E4EA}
	EndGlobalSection
EndGlobal
