
Microsoft Visual Studio Solution File, Format Version 12.00
# Visual Studio Version 17
VisualStudioVersion = 17.6.33723.286
MinimumVisualStudioVersion = 10.0.40219.1
Project("{FAE04EC0-301F-11D3-BF4B-00C04F79EFBC}") = "que_5b", "que_5b\que_5b.csproj", "{5D84DB6C-CAE8-4110-B214-D1F03B5166C7}"
EndProject
Global
	GlobalSection(SolutionConfigurationPlatforms) = preSolution
		Debug|Any CPU = Debug|Any CPU
		Release|Any CPU = Release|Any CPU
	EndGlobalSection
	GlobalSection(ProjectConfigurationPlatforms) = postSolution
		{5D84DB6C-CAE8-4110-B214-D1F03B5166C7}.Debug|Any CPU.ActiveCfg = Debug|Any CPU
		{5D84DB6C-CAE8-4110-B214-D1F03B5166C7}.Debug|Any CPU.Build.0 = Debug|Any CPU
		{5D84DB6C-CAE8-4110-B214-D1F03B5166C7}.Release|Any CPU.ActiveCfg = Release|Any CPU
		{5D84DB6C-CAE8-4110-B214-D1F03B5166C7}.Release|Any CPU.Build.0 = Release|Any CPU
	EndGlobalSection
	GlobalSection(SolutionProperties) = preSolution
		HideSolutionNode = FALSE
	EndGlobalSection
	GlobalSection(ExtensibilityGlobals) = postSolution
		SolutionGuid = {28D9B87B-9BBF-42A6-8123-8D3DFE8D3131}
	EndGlobalSection
EndGlobal
